// !$*UTF8*$!
{
	archiveVersion = 1;
	classes = {
	};
	objectVersion = 46;
	objects = {

/* Begin PBXBuildFile section */
		5A9FF0611890A6C000E16C52 /* Foundation.framework in Frameworks */ = {isa = PBXBuildFile; fileRef = 5A9FF0601890A6C000E16C52 /* Foundation.framework */; };
		5A9FF0681890A6C000E16C52 /* EUExPDFReader.m in Sources */ = {isa = PBXBuildFile; fileRef = 5A9FF0671890A6C000E16C52 /* EUExPDFReader.m */; };
		5A9FF0B71890A84500E16C52 /* ReaderViewController.m in Sources */ = {isa = PBXBuildFile; fileRef = 5A9FF08F1890A84500E16C52 /* ReaderViewController.m */; };
		5A9FF0B81890A84500E16C52 /* CGPDFDocument.m in Sources */ = {isa = PBXBuildFile; fileRef = 5A9FF0921890A84500E16C52 /* CGPDFDocument.m */; };
		5A9FF0B91890A84500E16C52 /* ReaderConstants.m in Sources */ = {isa = PBXBuildFile; fileRef = 5A9FF0941890A84500E16C52 /* ReaderConstants.m */; };
		5A9FF0BA1890A84500E16C52 /* ReaderContentPage.m in Sources */ = {isa = PBXBuildFile; fileRef = 5A9FF0961890A84500E16C52 /* ReaderContentPage.m */; };
		5A9FF0BB1890A84500E16C52 /* ReaderContentTile.m in Sources */ = {isa = PBXBuildFile; fileRef = 5A9FF0981890A84500E16C52 /* ReaderContentTile.m */; };
		5A9FF0BC1890A84500E16C52 /* ReaderContentView.m in Sources */ = {isa = PBXBuildFile; fileRef = 5A9FF09A1890A84500E16C52 /* ReaderContentView.m */; };
		5A9FF0BD1890A84500E16C52 /* ReaderDocument.m in Sources */ = {isa = PBXBuildFile; fileRef = 5A9FF09C1890A84500E16C52 /* ReaderDocument.m */; };
		5A9FF0BE1890A84500E16C52 /* ReaderMainPagebar.m in Sources */ = {isa = PBXBuildFile; fileRef = 5A9FF09E1890A84500E16C52 /* ReaderMainPagebar.m */; };
		5A9FF0BF1890A84500E16C52 /* ReaderMainToolbar.m in Sources */ = {isa = PBXBuildFile; fileRef = 5A9FF0A01890A84500E16C52 /* ReaderMainToolbar.m */; };
		5A9FF0C01890A84500E16C52 /* ReaderThumbCache.m in Sources */ = {isa = PBXBuildFile; fileRef = 5A9FF0A21890A84500E16C52 /* ReaderThumbCache.m */; };
		5A9FF0C11890A84500E16C52 /* ReaderThumbFetch.m in Sources */ = {isa = PBXBuildFile; fileRef = 5A9FF0A41890A84500E16C52 /* ReaderThumbFetch.m */; };
		5A9FF0C21890A84500E16C52 /* ReaderThumbQueue.m in Sources */ = {isa = PBXBuildFile; fileRef = 5A9FF0A61890A84500E16C52 /* ReaderThumbQueue.m */; };
		5A9FF0C31890A84500E16C52 /* ReaderThumbRender.m in Sources */ = {isa = PBXBuildFile; fileRef = 5A9FF0A81890A84500E16C52 /* ReaderThumbRender.m */; };
		5A9FF0C41890A84500E16C52 /* ReaderThumbRequest.m in Sources */ = {isa = PBXBuildFile; fileRef = 5A9FF0AA1890A84500E16C52 /* ReaderThumbRequest.m */; };
		5A9FF0C51890A84500E16C52 /* ReaderThumbsView.m in Sources */ = {isa = PBXBuildFile; fileRef = 5A9FF0AC1890A84500E16C52 /* ReaderThumbsView.m */; };
		5A9FF0C61890A84500E16C52 /* ReaderThumbView.m in Sources */ = {isa = PBXBuildFile; fileRef = 5A9FF0AE1890A84500E16C52 /* ReaderThumbView.m */; };
		5A9FF0C71890A84500E16C52 /* ThumbsMainToolbar.m in Sources */ = {isa = PBXBuildFile; fileRef = 5A9FF0B01890A84500E16C52 /* ThumbsMainToolbar.m */; };
		5A9FF0C81890A84500E16C52 /* ThumbsViewController.m in Sources */ = {isa = PBXBuildFile; fileRef = 5A9FF0B21890A84500E16C52 /* ThumbsViewController.m */; };
		5A9FF0C91890A84500E16C52 /* UIXToolbarView.m in Sources */ = {isa = PBXBuildFile; fileRef = 5A9FF0B41890A84500E16C52 /* UIXToolbarView.m */; };
/* End PBXBuildFile section */

/* Begin PBXCopyFilesBuildPhase section */
		5A9FF05B1890A6C000E16C52 /* CopyFiles */ = {
			isa = PBXCopyFilesBuildPhase;
			buildActionMask = 2147483647;
			dstPath = "include/$(PRODUCT_NAME)";
			dstSubfolderSpec = 16;
			files = (
			);
			runOnlyForDeploymentPostprocessing = 0;
		};
/* End PBXCopyFilesBuildPhase section */

/* Begin PBXFileReference section */
		5A9FF05D1890A6C000E16C52 /* libuexPDFReader.a */ = {isa = PBXFileReference; explicitFileType = archive.ar; includeInIndex = 0; path = libuexPDFReader.a; sourceTree = BUILT_PRODUCTS_DIR; };
		5A9FF0601890A6C000E16C52 /* Foundation.framework */ = {isa = PBXFileReference; lastKnownFileType = wrapper.framework; name = Foundation.framework; path = System/Library/Frameworks/Foundation.framework; sourceTree = SDKROOT; };
		5A9FF0641890A6C000E16C52 /* EUExPDFReader-Prefix.pch */ = {isa = PBXFileReference; lastKnownFileType = sourcecode.c.h; path = "EUExPDFReader-Prefix.pch"; sourceTree = "<group>"; };
		5A9FF0671890A6C000E16C52 /* EUExPDFReader.m */ = {isa = PBXFileReference; lastKnownFileType = sourcecode.c.objc; path = EUExPDFReader.m; sourceTree = "<group>"; };
		5A9FF06E1890A6C100E16C52 /* XCTest.framework */ = {isa = PBXFileReference; lastKnownFileType = wrapper.framework; name = XCTest.framework; path = Library/Frameworks/XCTest.framework; sourceTree = DEVELOPER_DIR; };
		5A9FF0871890A84400E16C52 /* EUExBase.h */ = {isa = PBXFileReference; fileEncoding = 4; lastKnownFileType = sourcecode.c.h; path = EUExBase.h; sourceTree = "<group>"; };
		5A9FF0881890A84400E16C52 /* EUExBaseDefine.h */ = {isa = PBXFileReference; fileEncoding = 4; lastKnownFileType = sourcecode.c.h; path = EUExBaseDefine.h; sourceTree = "<group>"; };
		5A9FF0891890A84400E16C52 /* EUtility.h */ = {isa = PBXFileReference; fileEncoding = 4; lastKnownFileType = sourcecode.c.h; path = EUtility.h; sourceTree = "<group>"; };
		5A9FF08E1890A84500E16C52 /* ReaderViewController.h */ = {isa = PBXFileReference; fileEncoding = 4; lastKnownFileType = sourcecode.c.h; path = ReaderViewController.h; sourceTree = "<group>"; };
		5A9FF08F1890A84500E16C52 /* ReaderViewController.m */ = {isa = PBXFileReference; fileEncoding = 4; lastKnownFileType = sourcecode.c.objc; path = ReaderViewController.m; sourceTree = "<group>"; };
		5A9FF0911890A84500E16C52 /* CGPDFDocument.h */ = {isa = PBXFileReference; fileEncoding = 4; lastKnownFileType = sourcecode.c.h; path = CGPDFDocument.h; sourceTree = "<group>"; };
		5A9FF0921890A84500E16C52 /* CGPDFDocument.m */ = {isa = PBXFileReference; fileEncoding = 4; lastKnownFileType = sourcecode.c.objc; path = CGPDFDocument.m; sourceTree = "<group>"; };
		5A9FF0931890A84500E16C52 /* ReaderConstants.h */ = {isa = PBXFileReference; fileEncoding = 4; lastKnownFileType = sourcecode.c.h; path = ReaderConstants.h; sourceTree = "<group>"; };
		5A9FF0941890A84500E16C52 /* ReaderConstants.m */ = {isa = PBXFileReference; fileEncoding = 4; lastKnownFileType = sourcecode.c.objc; path = ReaderConstants.m; sourceTree = "<group>"; };
		5A9FF0951890A84500E16C52 /* ReaderContentPage.h */ = {isa = PBXFileReference; fileEncoding = 4; lastKnownFileType = sourcecode.c.h; path = ReaderContentPage.h; sourceTree = "<group>"; };
		5A9FF0961890A84500E16C52 /* ReaderContentPage.m */ = {isa = PBXFileReference; fileEncoding = 4; lastKnownFileType = sourcecode.c.objc; path = ReaderContentPage.m; sourceTree = "<group>"; };
		5A9FF0971890A84500E16C52 /* ReaderContentTile.h */ = {isa = PBXFileReference; fileEncoding = 4; lastKnownFileType = sourcecode.c.h; path = ReaderContentTile.h; sourceTree = "<group>"; };
		5A9FF0981890A84500E16C52 /* ReaderContentTile.m */ = {isa = PBXFileReference; fileEncoding = 4; lastKnownFileType = sourcecode.c.objc; path = ReaderContentTile.m; sourceTree = "<group>"; };
		5A9FF0991890A84500E16C52 /* ReaderContentView.h */ = {isa = PBXFileReference; fileEncoding = 4; lastKnownFileType = sourcecode.c.h; path = ReaderContentView.h; sourceTree = "<group>"; };
		5A9FF09A1890A84500E16C52 /* ReaderContentView.m */ = {isa = PBXFileReference; fileEncoding = 4; lastKnownFileType = sourcecode.c.objc; path = ReaderContentView.m; sourceTree = "<group>"; };
		5A9FF09B1890A84500E16C52 /* ReaderDocument.h */ = {isa = PBXFileReference; fileEncoding = 4; lastKnownFileType = sourcecode.c.h; path = ReaderDocument.h; sourceTree = "<group>"; };
		5A9FF09C1890A84500E16C52 /* ReaderDocument.m */ = {isa = PBXFileReference; fileEncoding = 4; lastKnownFileType = sourcecode.c.objc; path = ReaderDocument.m; sourceTree = "<group>"; };
		5A9FF09D1890A84500E16C52 /* ReaderMainPagebar.h */ = {isa = PBXFileReference; fileEncoding = 4; lastKnownFileType = sourcecode.c.h; path = ReaderMainPagebar.h; sourceTree = "<group>"; };
		5A9FF09E1890A84500E16C52 /* ReaderMainPagebar.m */ = {isa = PBXFileReference; fileEncoding = 4; lastKnownFileType = sourcecode.c.objc; path = ReaderMainPagebar.m; sourceTree = "<group>"; };
		5A9FF09F1890A84500E16C52 /* ReaderMainToolbar.h */ = {isa = PBXFileReference; fileEncoding = 4; lastKnownFileType = sourcecode.c.h; path = ReaderMainToolbar.h; sourceTree = "<group>"; };
		5A9FF0A01890A84500E16C52 /* ReaderMainToolbar.m */ = {isa = PBXFileReference; fileEncoding = 4; lastKnownFileType = sourcecode.c.objc; path = ReaderMainToolbar.m; sourceTree = "<group>"; };
		5A9FF0A11890A84500E16C52 /* ReaderThumbCache.h */ = {isa = PBXFileReference; fileEncoding = 4; lastKnownFileType = sourcecode.c.h; path = ReaderThumbCache.h; sourceTree = "<group>"; };
		5A9FF0A21890A84500E16C52 /* ReaderThumbCache.m */ = {isa = PBXFileReference; fileEncoding = 4; lastKnownFileType = sourcecode.c.objc; path = ReaderThumbCache.m; sourceTree = "<group>"; };
		5A9FF0A31890A84500E16C52 /* ReaderThumbFetch.h */ = {isa = PBXFileReference; fileEncoding = 4; lastKnownFileType = sourcecode.c.h; path = ReaderThumbFetch.h; sourceTree = "<group>"; };
		5A9FF0A41890A84500E16C52 /* ReaderThumbFetch.m */ = {isa = PBXFileReference; fileEncoding = 4; lastKnownFileType = sourcecode.c.objc; path = ReaderThumbFetch.m; sourceTree = "<group>"; };
		5A9FF0A51890A84500E16C52 /* ReaderThumbQueue.h */ = {isa = PBXFileReference; fileEncoding = 4; lastKnownFileType = sourcecode.c.h; path = ReaderThumbQueue.h; sourceTree = "<group>"; };
		5A9FF0A61890A84500E16C52 /* ReaderThumbQueue.m */ = {isa = PBXFileReference; fileEncoding = 4; lastKnownFileType = sourcecode.c.objc; path = ReaderThumbQueue.m; sourceTree = "<group>"; };
		5A9FF0A71890A84500E16C52 /* ReaderThumbRender.h */ = {isa = PBXFileReference; fileEncoding = 4; lastKnownFileType = sourcecode.c.h; path = ReaderThumbRender.h; sourceTree = "<group>"; };
		5A9FF0A81890A84500E16C52 /* ReaderThumbRender.m */ = {isa = PBXFileReference; fileEncoding = 4; lastKnownFileType = sourcecode.c.objc; path = ReaderThumbRender.m; sourceTree = "<group>"; };
		5A9FF0A91890A84500E16C52 /* ReaderThumbRequest.h */ = {isa = PBXFileReference; fileEncoding = 4; lastKnownFileType = sourcecode.c.h; path = ReaderThumbRequest.h; sourceTree = "<group>"; };
		5A9FF0AA1890A84500E16C52 /* ReaderThumbRequest.m */ = {isa = PBXFileReference; fileEncoding = 4; lastKnownFileType = sourcecode.c.objc; path = ReaderThumbRequest.m; sourceTree = "<group>"; };
		5A9FF0AB1890A84500E16C52 /* ReaderThumbsView.h */ = {isa = PBXFileReference; fileEncoding = 4; lastKnownFileType = sourcecode.c.h; path = ReaderThumbsView.h; sourceTree = "<group>"; };
		5A9FF0AC1890A84500E16C52 /* ReaderThumbsView.m */ = {isa = PBXFileReference; fileEncoding = 4; lastKnownFileType = sourcecode.c.objc; path = ReaderThumbsView.m; sourceTree = "<group>"; };
		5A9FF0AD1890A84500E16C52 /* ReaderThumbView.h */ = {isa = PBXFileReference; fileEncoding = 4; lastKnownFileType = sourcecode.c.h; path = ReaderThumbView.h; sourceTree = "<group>"; };
		5A9FF0AE1890A84500E16C52 /* ReaderThumbView.m */ = {isa = PBXFileReference; fileEncoding = 4; lastKnownFileType = sourcecode.c.objc; path = ReaderThumbView.m; sourceTree = "<group>"; };
		5A9FF0AF1890A84500E16C52 /* ThumbsMainToolbar.h */ = {isa = PBXFileReference; fileEncoding = 4; lastKnownFileType = sourcecode.c.h; path = ThumbsMainToolbar.h; sourceTree = "<group>"; };
		5A9FF0B01890A84500E16C52 /* ThumbsMainToolbar.m */ = {isa = PBXFileReference; fileEncoding = 4; lastKnownFileType = sourcecode.c.objc; path = ThumbsMainToolbar.m; sourceTree = "<group>"; };
		5A9FF0B11890A84500E16C52 /* ThumbsViewController.h */ = {isa = PBXFileReference; fileEncoding = 4; lastKnownFileType = sourcecode.c.h; path = ThumbsViewController.h; sourceTree = "<group>"; };
		5A9FF0B21890A84500E16C52 /* ThumbsViewController.m */ = {isa = PBXFileReference; fileEncoding = 4; lastKnownFileType = sourcecode.c.objc; path = ThumbsViewController.m; sourceTree = "<group>"; };
		5A9FF0B31890A84500E16C52 /* UIXToolbarView.h */ = {isa = PBXFileReference; fileEncoding = 4; lastKnownFileType = sourcecode.c.h; path = UIXToolbarView.h; sourceTree = "<group>"; };
		5A9FF0B41890A84500E16C52 /* UIXToolbarView.m */ = {isa = PBXFileReference; fileEncoding = 4; lastKnownFileType = sourcecode.c.objc; path = UIXToolbarView.m; sourceTree = "<group>"; };
		FC16252A18AB6BCD00BEF700 /* EUExPDFReader.h */ = {isa = PBXFileReference; lastKnownFileType = sourcecode.c.h; path = EUExPDFReader.h; sourceTree = "<group>"; };
/* End PBXFileReference section */

/* Begin PBXFrameworksBuildPhase section */
		5A9FF05A1890A6C000E16C52 /* Frameworks */ = {
			isa = PBXFrameworksBuildPhase;
			buildActionMask = 2147483647;
			files = (
				5A9FF0611890A6C000E16C52 /* Foundation.framework in Frameworks */,
			);
			runOnlyForDeploymentPostprocessing = 0;
		};
/* End PBXFrameworksBuildPhase section */

/* Begin PBXGroup section */
		5A9FF0541890A6C000E16C52 = {
			isa = PBXGroup;
			children = (
				5A9FF0621890A6C000E16C52 /* EUExPDFReader */,
				5A9FF05F1890A6C000E16C52 /* Frameworks */,
				5A9FF05E1890A6C000E16C52 /* Products */,
			);
			sourceTree = "<group>";
		};
		5A9FF05E1890A6C000E16C52 /* Products */ = {
			isa = PBXGroup;
			children = (
				5A9FF05D1890A6C000E16C52 /* libuexPDFReader.a */,
			);
			name = Products;
			sourceTree = "<group>";
		};
		5A9FF05F1890A6C000E16C52 /* Frameworks */ = {
			isa = PBXGroup;
			children = (
				5A9FF0601890A6C000E16C52 /* Foundation.framework */,
				5A9FF06E1890A6C100E16C52 /* XCTest.framework */,
			);
			name = Frameworks;
			sourceTree = "<group>";
		};
		5A9FF0621890A6C000E16C52 /* EUExPDFReader */ = {
			isa = PBXGroup;
			children = (
				FC16252A18AB6BCD00BEF700 /* EUExPDFReader.h */,
				5A9FF0671890A6C000E16C52 /* EUExPDFReader.m */,
				5A9FF0861890A84400E16C52 /* engineHeader */,
				5A9FF08A1890A84400E16C52 /* sourceCode */,
				5A9FF0631890A6C000E16C52 /* Supporting Files */,
			);
			path = EUExPDFReader;
			sourceTree = "<group>";
		};
		5A9FF0631890A6C000E16C52 /* Supporting Files */ = {
			isa = PBXGroup;
			children = (
				5A9FF0641890A6C000E16C52 /* EUExPDFReader-Prefix.pch */,
			);
			name = "Supporting Files";
			sourceTree = "<group>";
		};
		5A9FF0861890A84400E16C52 /* engineHeader */ = {
			isa = PBXGroup;
			children = (
				5A9FF0871890A84400E16C52 /* EUExBase.h */,
				5A9FF0881890A84400E16C52 /* EUExBaseDefine.h */,
				5A9FF0891890A84400E16C52 /* EUtility.h */,
			);
			path = engineHeader;
			sourceTree = "<group>";
		};
		5A9FF08A1890A84400E16C52 /* sourceCode */ = {
			isa = PBXGroup;
			children = (
				5A9FF08E1890A84500E16C52 /* ReaderViewController.h */,
				5A9FF08F1890A84500E16C52 /* ReaderViewController.m */,
				5A9FF0901890A84500E16C52 /* Sources */,
			);
			path = sourceCode;
			sourceTree = "<group>";
		};
		5A9FF0901890A84500E16C52 /* Sources */ = {
			isa = PBXGroup;
			children = (
				5A9FF0911890A84500E16C52 /* CGPDFDocument.h */,
				5A9FF0921890A84500E16C52 /* CGPDFDocument.m */,
				5A9FF0931890A84500E16C52 /* ReaderConstants.h */,
				5A9FF0941890A84500E16C52 /* ReaderConstants.m */,
				5A9FF0951890A84500E16C52 /* ReaderContentPage.h */,
				5A9FF0961890A84500E16C52 /* ReaderContentPage.m */,
				5A9FF0971890A84500E16C52 /* ReaderContentTile.h */,
				5A9FF0981890A84500E16C52 /* ReaderContentTile.m */,
				5A9FF0991890A84500E16C52 /* ReaderContentView.h */,
				5A9FF09A1890A84500E16C52 /* ReaderContentView.m */,
				5A9FF09B1890A84500E16C52 /* ReaderDocument.h */,
				5A9FF09C1890A84500E16C52 /* ReaderDocument.m */,
				5A9FF09D1890A84500E16C52 /* ReaderMainPagebar.h */,
				5A9FF09E1890A84500E16C52 /* ReaderMainPagebar.m */,
				5A9FF09F1890A84500E16C52 /* ReaderMainToolbar.h */,
				5A9FF0A01890A84500E16C52 /* ReaderMainToolbar.m */,
				5A9FF0A11890A84500E16C52 /* ReaderThumbCache.h */,
				5A9FF0A21890A84500E16C52 /* ReaderThumbCache.m */,
				5A9FF0A31890A84500E16C52 /* ReaderThumbFetch.h */,
				5A9FF0A41890A84500E16C52 /* ReaderThumbFetch.m */,
				5A9FF0A51890A84500E16C52 /* ReaderThumbQueue.h */,
				5A9FF0A61890A84500E16C52 /* ReaderThumbQueue.m */,
				5A9FF0A71890A84500E16C52 /* ReaderThumbRender.h */,
				5A9FF0A81890A84500E16C52 /* ReaderThumbRender.m */,
				5A9FF0A91890A84500E16C52 /* ReaderThumbRequest.h */,
				5A9FF0AA1890A84500E16C52 /* ReaderThumbRequest.m */,
				5A9FF0AB1890A84500E16C52 /* ReaderThumbsView.h */,
				5A9FF0AC1890A84500E16C52 /* ReaderThumbsView.m */,
				5A9FF0AD1890A84500E16C52 /* ReaderThumbView.h */,
				5A9FF0AE1890A84500E16C52 /* ReaderThumbView.m */,
				5A9FF0AF1890A84500E16C52 /* ThumbsMainToolbar.h */,
				5A9FF0B01890A84500E16C52 /* ThumbsMainToolbar.m */,
				5A9FF0B11890A84500E16C52 /* ThumbsViewController.h */,
				5A9FF0B21890A84500E16C52 /* ThumbsViewController.m */,
				5A9FF0B31890A84500E16C52 /* UIXToolbarView.h */,
				5A9FF0B41890A84500E16C52 /* UIXToolbarView.m */,
			);
			path = Sources;
			sourceTree = "<group>";
		};
/* End PBXGroup section */

/* Begin PBXNativeTarget section */
		5A9FF05C1890A6C000E16C52 /* EUExPDFReader */ = {
			isa = PBXNativeTarget;
			buildConfigurationList = 5A9FF0801890A6C100E16C52 /* Build configuration list for PBXNativeTarget "EUExPDFReader" */;
			buildPhases = (
				5A9FF0591890A6C000E16C52 /* Sources */,
				5A9FF05A1890A6C000E16C52 /* Frameworks */,
				5A9FF05B1890A6C000E16C52 /* CopyFiles */,
			);
			buildRules = (
			);
			dependencies = (
			);
			name = EUExPDFReader;
			productName = EUExPDFReader;
			productReference = 5A9FF05D1890A6C000E16C52 /* libuexPDFReader.a */;
			productType = "com.apple.product-type.library.static";
		};
/* End PBXNativeTarget section */

/* Begin PBXProject section */
		5A9FF0551890A6C000E16C52 /* Project object */ = {
			isa = PBXProject;
			attributes = {
				LastUpgradeCheck = 0500;
				ORGANIZATIONNAME = xll;
			};
			buildConfigurationList = 5A9FF0581890A6C000E16C52 /* Build configuration list for PBXProject "EUExPDFReader" */;
			compatibilityVersion = "Xcode 3.2";
			developmentRegion = English;
			hasScannedForEncodings = 0;
			knownRegions = (
				en,
			);
			mainGroup = 5A9FF0541890A6C000E16C52;
			productRefGroup = 5A9FF05E1890A6C000E16C52 /* Products */;
			projectDirPath = "";
			projectRoot = "";
			targets = (
				5A9FF05C1890A6C000E16C52 /* EUExPDFReader */,
			);
		};
/* End PBXProject section */

/* Begin PBXSourcesBuildPhase section */
		5A9FF0591890A6C000E16C52 /* Sources */ = {
			isa = PBXSourcesBuildPhase;
			buildActionMask = 2147483647;
			files = (
				5A9FF0BB1890A84500E16C52 /* ReaderContentTile.m in Sources */,
				5A9FF0C71890A84500E16C52 /* ThumbsMainToolbar.m in Sources */,
				5A9FF0BA1890A84500E16C52 /* ReaderContentPage.m in Sources */,
				5A9FF0C01890A84500E16C52 /* ReaderThumbCache.m in Sources */,
				5A9FF0C21890A84500E16C52 /* ReaderThumbQueue.m in Sources */,
				5A9FF0BE1890A84500E16C52 /* ReaderMainPagebar.m in Sources */,
				5A9FF0C31890A84500E16C52 /* ReaderThumbRender.m in Sources */,
				5A9FF0C91890A84500E16C52 /* UIXToolbarView.m in Sources */,
				5A9FF0C41890A84500E16C52 /* ReaderThumbRequest.m in Sources */,
				5A9FF0BF1890A84500E16C52 /* ReaderMainToolbar.m in Sources */,
				5A9FF0B91890A84500E16C52 /* ReaderConstants.m in Sources */,
				5A9FF0C81890A84500E16C52 /* ThumbsViewController.m in Sources */,
				5A9FF0C11890A84500E16C52 /* ReaderThumbFetch.m in Sources */,
				5A9FF0681890A6C000E16C52 /* EUExPDFReader.m in Sources */,
				5A9FF0BC1890A84500E16C52 /* ReaderContentView.m in Sources */,
				5A9FF0BD1890A84500E16C52 /* ReaderDocument.m in Sources */,
				5A9FF0B71890A84500E16C52 /* ReaderViewController.m in Sources */,
				5A9FF0C61890A84500E16C52 /* ReaderThumbView.m in Sources */,
				5A9FF0C51890A84500E16C52 /* ReaderThumbsView.m in Sources */,
				5A9FF0B81890A84500E16C52 /* CGPDFDocument.m in Sources */,
			);
			runOnlyForDeploymentPostprocessing = 0;
		};
/* End PBXSourcesBuildPhase section */

/* Begin XCBuildConfiguration section */
		5A9FF07E1890A6C100E16C52 /* Debug */ = {
			isa = XCBuildConfiguration;
			buildSettings = {
				ALWAYS_SEARCH_USER_PATHS = NO;
				ARCHS = "$(ARCHS_STANDARD_INCLUDING_64_BIT)";
				CLANG_CXX_LANGUAGE_STANDARD = "gnu++0x";
				CLANG_CXX_LIBRARY = "libc++";
				CLANG_ENABLE_MODULES = YES;
				CLANG_ENABLE_OBJC_ARC = YES;
				CLANG_WARN_BOOL_CONVERSION = YES;
				CLANG_WARN_CONSTANT_CONVERSION = YES;
				CLANG_WARN_DIRECT_OBJC_ISA_USAGE = YES_ERROR;
				CLANG_WARN_EMPTY_BODY = YES;
				CLANG_WARN_ENUM_CONVERSION = YES;
				CLANG_WARN_INT_CONVERSION = YES;
				CLANG_WARN_OBJC_ROOT_CLASS = YES_ERROR;
				CLANG_WARN__DUPLICATE_METHOD_MATCH = YES;
				COPY_PHASE_STRIP = NO;
				GCC_C_LANGUAGE_STANDARD = gnu99;
				GCC_DYNAMIC_NO_PIC = NO;
				GCC_OPTIMIZATION_LEVEL = 0;
				GCC_PREPROCESSOR_DEFINITIONS = (
					"DEBUG=1",
					"$(inherited)",
				);
				GCC_SYMBOLS_PRIVATE_EXTERN = NO;
				GCC_WARN_64_TO_32_BIT_CONVERSION = YES;
				GCC_WARN_ABOUT_RETURN_TYPE = YES_ERROR;
				GCC_WARN_UNDECLARED_SELECTOR = YES;
				GCC_WARN_UNINITIALIZED_AUTOS = YES;
				GCC_WARN_UNUSED_FUNCTION = YES;
				GCC_WARN_UNUSED_VARIABLE = YES;
				IPHONEOS_DEPLOYMENT_TARGET = 4.3;
				ONLY_ACTIVE_ARCH = NO;
				SDKROOT = iphoneos;
			};
			name = Debug;
		};
		5A9FF07F1890A6C100E16C52 /* Release */ = {
			isa = XCBuildConfiguration;
			buildSettings = {
				ALWAYS_SEARCH_USER_PATHS = NO;
				ARCHS = "$(ARCHS_STANDARD_INCLUDING_64_BIT)";
				CLANG_CXX_LANGUAGE_STANDARD = "gnu++0x";
				CLANG_CXX_LIBRARY = "libc++";
				CLANG_ENABLE_MODULES = YES;
				CLANG_ENABLE_OBJC_ARC = YES;
				CLANG_WARN_BOOL_CONVERSION = YES;
				CLANG_WARN_CONSTANT_CONVERSION = YES;
				CLANG_WARN_DIRECT_OBJC_ISA_USAGE = YES_ERROR;
				CLANG_WARN_EMPTY_BODY = YES;
				CLANG_WARN_ENUM_CONVERSION = YES;
				CLANG_WARN_INT_CONVERSION = YES;
				CLANG_WARN_OBJC_ROOT_CLASS = YES_ERROR;
				CLANG_WARN__DUPLICATE_METHOD_MATCH = YES;
				COPY_PHASE_STRIP = YES;
				ENABLE_NS_ASSERTIONS = NO;
				GCC_C_LANGUAGE_STANDARD = gnu99;
				GCC_WARN_64_TO_32_BIT_CONVERSION = YES;
				GCC_WARN_ABOUT_RETURN_TYPE = YES_ERROR;
				GCC_WARN_UNDECLARED_SELECTOR = YES;
				GCC_WARN_UNINITIALIZED_AUTOS = YES;
				GCC_WARN_UNUSED_FUNCTION = YES;
				GCC_WARN_UNUSED_VARIABLE = YES;
				IPHONEOS_DEPLOYMENT_TARGET = 4.3;
				ONLY_ACTIVE_ARCH = NO;
				SDKROOT = iphoneos;
				VALIDATE_PRODUCT = YES;
			};
			name = Release;
		};
		5A9FF0811890A6C100E16C52 /* Debug */ = {
			isa = XCBuildConfiguration;
			buildSettings = {
				ARCHS = "$(ARCHS_STANDARD)";
				CLANG_ENABLE_OBJC_ARC = NO;
				CONFIGURATION_BUILD_DIR = "$(SRCROOT)/uexPDFReader/";
				DSTROOT = /tmp/EUExPDFReader.dst;
				FRAMEWORK_SEARCH_PATHS = "";
				GCC_PRECOMPILE_PREFIX_HEADER = YES;
				GCC_PREFIX_HEADER = "EUExPDFReader/EUExPDFReader-Prefix.pch";
				OTHER_LDFLAGS = "-ObjC";
				PRODUCT_NAME = uexPDFReader;
				SKIP_INSTALL = YES;
			};
			name = Debug;
		};
		5A9FF0821890A6C100E16C52 /* Release */ = {
			isa = XCBuildConfiguration;
			buildSettings = {
				ARCHS = "$(ARCHS_STANDARD)";
				CLANG_ENABLE_OBJC_ARC = NO;
				CONFIGURATION_BUILD_DIR = "$(SRCROOT)/uexPDFReader/";
				DSTROOT = /tmp/EUExPDFReader.dst;
				FRAMEWORK_SEARCH_PATHS = "";
				GCC_PRECOMPILE_PREFIX_HEADER = YES;
				GCC_PREFIX_HEADER = "EUExPDFReader/EUExPDFReader-Prefix.pch";
				OTHER_LDFLAGS = "-ObjC";
				PRODUCT_NAME = uexPDFReader;
				SKIP_INSTALL = YES;
			};
			name = Release;
		};
/* End XCBuildConfiguration section */

/* Begin XCConfigurationList section */
		5A9FF0581890A6C000E16C52 /* Build configuration list for PBXProject "EUExPDFReader" */ = {
			isa = XCConfigurationList;
			buildConfigurations = (
				5A9FF07E1890A6C100E16C52 /* Debug */,
				5A9FF07F1890A6C100E16C52 /* Release */,
			);
			defaultConfigurationIsVisible = 0;
			defaultConfigurationName = Release;
		};
		5A9FF0801890A6C100E16C52 /* Build configuration list for PBXNativeTarget "EUExPDFReader" */ = {
			isa = XCConfigurationList;
			buildConfigurations = (
				5A9FF0811890A6C100E16C52 /* Debug */,
				5A9FF0821890A6C100E16C52 /* Release */,
			);
			defaultConfigurationIsVisible = 0;
			defaultConfigurationName = Release;
		};
/* End XCConfigurationList section */
	};
	rootObject = 5A9FF0551890A6C000E16C52 /* Project object */;
}
